// !$*UTF8*$!
{
	archiveVersion = 1;
	classes = {
	};
	objectVersion = 46;
	objects = {

/* Begin PBXBuildFile section */
		B09592611BC3262E00C24751 /* libcurl.a in Frameworks */ = {isa = PBXBuildFile; fileRef = B09592601BC3262E00C24751 /* libcurl.a */; };
		B09592641BC3264F00C24751 /* ccv.a in Frameworks */ = {isa = PBXBuildFile; fileRef = B09592631BC3264F00C24751 /* ccv.a */; };
		BBAB23CB13894F3D00AA2426 /* GLUT.framework in CopyFiles */ = {isa = PBXBuildFile; fileRef = BBAB23BE13894E4700AA2426 /* GLUT.framework */; };
		BEDFEE7400C58EA4E412B757 /* ofxJSONElement.cpp in Sources */ = {isa = PBXBuildFile; fileRef = F2B099E6BD1199664C48B177 /* ofxJSONElement.cpp */; };
		E4328149138ABC9F0047C5CB /* openFrameworksDebug.a in Frameworks */ = {isa = PBXBuildFile; fileRef = E4328148138ABC890047C5CB /* openFrameworksDebug.a */; };
		E45BE97B0E8CC7DD009D7055 /* AGL.framework in Frameworks */ = {isa = PBXBuildFile; fileRef = E45BE9710E8CC7DD009D7055 /* AGL.framework */; };
		E45BE97C0E8CC7DD009D7055 /* ApplicationServices.framework in Frameworks */ = {isa = PBXBuildFile; fileRef = E45BE9720E8CC7DD009D7055 /* ApplicationServices.framework */; };
		E45BE97D0E8CC7DD009D7055 /* AudioToolbox.framework in Frameworks */ = {isa = PBXBuildFile; fileRef = E45BE9730E8CC7DD009D7055 /* AudioToolbox.framework */; };
		E45BE97F0E8CC7DD009D7055 /* CoreAudio.framework in Frameworks */ = {isa = PBXBuildFile; fileRef = E45BE9750E8CC7DD009D7055 /* CoreAudio.framework */; };
		E45BE9800E8CC7DD009D7055 /* CoreFoundation.framework in Frameworks */ = {isa = PBXBuildFile; fileRef = E45BE9760E8CC7DD009D7055 /* CoreFoundation.framework */; };
		E45BE9810E8CC7DD009D7055 /* CoreServices.framework in Frameworks */ = {isa = PBXBuildFile; fileRef = E45BE9770E8CC7DD009D7055 /* CoreServices.framework */; };
		E45BE9830E8CC7DD009D7055 /* OpenGL.framework in Frameworks */ = {isa = PBXBuildFile; fileRef = E45BE9790E8CC7DD009D7055 /* OpenGL.framework */; };
		E45BE9840E8CC7DD009D7055 /* QuickTime.framework in Frameworks */ = {isa = PBXBuildFile; fileRef = E45BE97A0E8CC7DD009D7055 /* QuickTime.framework */; };
		E4B69E200A3A1BDC003C02F2 /* main.cpp in Sources */ = {isa = PBXBuildFile; fileRef = E4B69E1D0A3A1BDC003C02F2 /* main.cpp */; };
		E4C2424710CC5A17004149E2 /* AppKit.framework in Frameworks */ = {isa = PBXBuildFile; fileRef = E4C2424410CC5A17004149E2 /* AppKit.framework */; };
		E4C2424810CC5A17004149E2 /* Cocoa.framework in Frameworks */ = {isa = PBXBuildFile; fileRef = E4C2424510CC5A17004149E2 /* Cocoa.framework */; };
		E4C2424910CC5A17004149E2 /* IOKit.framework in Frameworks */ = {isa = PBXBuildFile; fileRef = E4C2424610CC5A17004149E2 /* IOKit.framework */; };
		E4EB6799138ADC1D00A09F29 /* GLUT.framework in Frameworks */ = {isa = PBXBuildFile; fileRef = BBAB23BE13894E4700AA2426 /* GLUT.framework */; };
		E7E077E515D3B63C0020DFD4 /* CoreVideo.framework in Frameworks */ = {isa = PBXBuildFile; fileRef = E7E077E415D3B63C0020DFD4 /* CoreVideo.framework */; };
		E7E077E815D3B6510020DFD4 /* QTKit.framework in Frameworks */ = {isa = PBXBuildFile; fileRef = E7E077E715D3B6510020DFD4 /* QTKit.framework */; };
		E7F985F815E0DEA3003869B5 /* Accelerate.framework in Frameworks */ = {isa = PBXBuildFile; fileRef = E7F985F515E0DE99003869B5 /* Accelerate.framework */; };
		EC26F225D807F4F069405924 /* ofxThreadedImageLoader.cpp in Sources */ = {isa = PBXBuildFile; fileRef = 45B576A8B106CBE71564781C /* ofxThreadedImageLoader.cpp */; };
		FAA731979047900CF435C977 /* ofxInstagram.cpp in Sources */ = {isa = PBXBuildFile; fileRef = 22ED52AD97DAEFDE78CD38AE /* ofxInstagram.cpp */; };
		FB84AAF8D1B7A95266DB5C09 /* jsoncpp.cpp in Sources */ = {isa = PBXBuildFile; fileRef = 21BDE665988474F1B1F4D302 /* jsoncpp.cpp */; };
/* End PBXBuildFile section */

/* Begin PBXContainerItemProxy section */
		E4328147138ABC890047C5CB /* PBXContainerItemProxy */ = {
			isa = PBXContainerItemProxy;
			containerPortal = E4328143138ABC890047C5CB /* openFrameworksLib.xcodeproj */;
			proxyType = 2;
			remoteGlobalIDString = E4B27C1510CBEB8E00536013;
			remoteInfo = openFrameworks;
		};
		E4EEB9AB138B136A00A80321 /* PBXContainerItemProxy */ = {
			isa = PBXContainerItemProxy;
			containerPortal = E4328143138ABC890047C5CB /* openFrameworksLib.xcodeproj */;
			proxyType = 1;
			remoteGlobalIDString = E4B27C1410CBEB8E00536013;
			remoteInfo = openFrameworks;
		};
/* End PBXContainerItemProxy section */

/* Begin PBXCopyFilesBuildPhase section */
		E4C2427710CC5ABF004149E2 /* CopyFiles */ = {
			isa = PBXCopyFilesBuildPhase;
			buildActionMask = 2147483647;
			dstPath = "";
			dstSubfolderSpec = 10;
			files = (
				BBAB23CB13894F3D00AA2426 /* GLUT.framework in CopyFiles */,
			);
			runOnlyForDeploymentPostprocessing = 0;
		};
/* End PBXCopyFilesBuildPhase section */

/* Begin PBXFileReference section */
		1645F56257269CD0356320BD /* ofxJSON.h */ = {isa = PBXFileReference; explicitFileType = sourcecode.c.h; fileEncoding = 30; name = ofxJSON.h; path = ../../../addons/ofxJSON/src/ofxJSON.h; sourceTree = SOURCE_ROOT; };
		18CB3CD7CEB5781024F8F74A /* typecheck-gcc.h */ = {isa = PBXFileReference; explicitFileType = sourcecode.c.h; fileEncoding = 30; name = "typecheck-gcc.h"; path = "../../../addons/ofxInstagram/libs/libcurl/include/curl/typecheck-gcc.h"; sourceTree = SOURCE_ROOT; };
		1FFA7CC02B856601A4C9D233 /* easy.h */ = {isa = PBXFileReference; explicitFileType = sourcecode.c.h; fileEncoding = 30; name = easy.h; path = ../../../addons/ofxInstagram/libs/libcurl/include/curl/easy.h; sourceTree = SOURCE_ROOT; };
		21BDE665988474F1B1F4D302 /* jsoncpp.cpp */ = {isa = PBXFileReference; explicitFileType = sourcecode.cpp.cpp; fileEncoding = 30; name = jsoncpp.cpp; path = ../../../addons/ofxJSON/libs/jsoncpp/src/jsoncpp.cpp; sourceTree = SOURCE_ROOT; };
		22ED52AD97DAEFDE78CD38AE /* ofxInstagram.cpp */ = {isa = PBXFileReference; explicitFileType = sourcecode.cpp.cpp; fileEncoding = 30; name = ofxInstagram.cpp; path = ../../../addons/ofxInstagram/src/ofxInstagram.cpp; sourceTree = SOURCE_ROOT; };
		258BD733949A19E1F0702FFA /* ofxThreadedImageLoader.h */ = {isa = PBXFileReference; explicitFileType = sourcecode.c.h; fileEncoding = 30; name = ofxThreadedImageLoader.h; path = ../../../addons/ofxThreadedImageLoader/src/ofxThreadedImageLoader.h; sourceTree = SOURCE_ROOT; };
		260DE69B7815429F761886CE /* ca-bundle.crt */ = {isa = PBXFileReference; explicitFileType = file; fileEncoding = 30; name = "ca-bundle.crt"; path = "../../../addons/ofxInstagram/src/ca-bundle.crt"; sourceTree = SOURCE_ROOT; };
		26A541233BC6F736E758F718 /* ofxJSONElement.h */ = {isa = PBXFileReference; explicitFileType = sourcecode.c.h; fileEncoding = 30; name = ofxJSONElement.h; path = ../../../addons/ofxJSON/src/ofxJSONElement.h; sourceTree = SOURCE_ROOT; };
		2C7CF000B7B4F782C187C353 /* json.h */ = {isa = PBXFileReference; explicitFileType = sourcecode.c.h; fileEncoding = 30; name = json.h; path = ../../../addons/ofxJSON/libs/jsoncpp/include/json/json.h; sourceTree = SOURCE_ROOT; };
		35EF6A755544EF58AA5F7538 /* multi.h */ = {isa = PBXFileReference; explicitFileType = sourcecode.c.h; fileEncoding = 30; name = multi.h; path = ../../../addons/ofxInstagram/libs/libcurl/include/curl/multi.h; sourceTree = SOURCE_ROOT; };
		45B576A8B106CBE71564781C /* ofxThreadedImageLoader.cpp */ = {isa = PBXFileReference; explicitFileType = sourcecode.cpp.cpp; fileEncoding = 30; name = ofxThreadedImageLoader.cpp; path = ../../../addons/ofxThreadedImageLoader/src/ofxThreadedImageLoader.cpp; sourceTree = SOURCE_ROOT; };
		61313493CDB52744E22A604D /* json-forwards.h */ = {isa = PBXFileReference; explicitFileType = sourcecode.c.h; fileEncoding = 30; name = "json-forwards.h"; path = "../../../addons/ofxJSON/libs/jsoncpp/include/json/json-forwards.h"; sourceTree = SOURCE_ROOT; };
		6CAD18D445A8C93F422A7D82 /* ofxInstagram.h */ = {isa = PBXFileReference; explicitFileType = sourcecode.c.h; fileEncoding = 30; name = ofxInstagram.h; path = ../../../addons/ofxInstagram/src/ofxInstagram.h; sourceTree = SOURCE_ROOT; };
		7E6D4CB7009466651AAAF094 /* curlver.h */ = {isa = PBXFileReference; explicitFileType = sourcecode.c.h; fileEncoding = 30; name = curlver.h; path = ../../../addons/ofxInstagram/libs/libcurl/include/curl/curlver.h; sourceTree = SOURCE_ROOT; };
		85307C7E25682171EB5DC998 /* ccv.h */ = {isa = PBXFileReference; explicitFileType = sourcecode.c.h; fileEncoding = 30; name = ccv.h; path = ../../../addons/ofxCcv/libs/ccv/include/ccv.h; sourceTree = SOURCE_ROOT; };
		9BC32061BB984C50FFE569F6 /* mprintf.h */ = {isa = PBXFileReference; explicitFileType = sourcecode.c.h; fileEncoding = 30; name = mprintf.h; path = ../../../addons/ofxInstagram/libs/libcurl/include/curl/mprintf.h; sourceTree = SOURCE_ROOT; };
		A91A01DD63409E8B3F8D7B13 /* curl.h */ = {isa = PBXFileReference; explicitFileType = sourcecode.c.h; fileEncoding = 30; name = curl.h; path = ../../../addons/ofxInstagram/libs/libcurl/include/curl/curl.h; sourceTree = SOURCE_ROOT; };
		B09592601BC3262E00C24751 /* libcurl.a */ = {isa = PBXFileReference; lastKnownFileType = archive.ar; name = libcurl.a; path = ../../../addons/ofxInstagram/libs/libcurl/lib/osx/libcurl.a; sourceTree = "<group>"; };
		B09592631BC3264F00C24751 /* ccv.a */ = {isa = PBXFileReference; lastKnownFileType = archive.ar; name = ccv.a; path = ../../../addons/ofxCcv/libs/ccv/lib/ccv.a; sourceTree = "<group>"; };
		BBAB23BE13894E4700AA2426 /* GLUT.framework */ = {isa = PBXFileReference; lastKnownFileType = wrapper.framework; name = GLUT.framework; path = ../../../libs/glut/lib/osx/GLUT.framework; sourceTree = "<group>"; };
		CEBE4DF60F5038B83724E03F /* curlbuild.h */ = {isa = PBXFileReference; explicitFileType = sourcecode.c.h; fileEncoding = 30; name = curlbuild.h; path = ../../../addons/ofxInstagram/libs/libcurl/include/curl/curlbuild.h; sourceTree = SOURCE_ROOT; };
		D20B4236AAEE436419EE31BB /* stdcheaders.h */ = {isa = PBXFileReference; explicitFileType = sourcecode.c.h; fileEncoding = 30; name = stdcheaders.h; path = ../../../addons/ofxInstagram/libs/libcurl/include/curl/stdcheaders.h; sourceTree = SOURCE_ROOT; };
		DE75137AC67515D3FC3624C7 /* ofxCcv.h */ = {isa = PBXFileReference; explicitFileType = sourcecode.c.h; fileEncoding = 30; name = ofxCcv.h; path = ../../../addons/ofxCcv/src/ofxCcv.h; sourceTree = SOURCE_ROOT; };
		E4328143138ABC890047C5CB /* openFrameworksLib.xcodeproj */ = {isa = PBXFileReference; lastKnownFileType = "wrapper.pb-project"; name = openFrameworksLib.xcodeproj; path = ../../../libs/openFrameworksCompiled/project/osx/openFrameworksLib.xcodeproj; sourceTree = SOURCE_ROOT; };
		E45BE9710E8CC7DD009D7055 /* AGL.framework */ = {isa = PBXFileReference; lastKnownFileType = wrapper.framework; name = AGL.framework; path = /System/Library/Frameworks/AGL.framework; sourceTree = "<absolute>"; };
		E45BE9720E8CC7DD009D7055 /* ApplicationServices.framework */ = {isa = PBXFileReference; lastKnownFileType = wrapper.framework; name = ApplicationServices.framework; path = /System/Library/Frameworks/ApplicationServices.framework; sourceTree = "<absolute>"; };
		E45BE9730E8CC7DD009D7055 /* AudioToolbox.framework */ = {isa = PBXFileReference; lastKnownFileType = wrapper.framework; name = AudioToolbox.framework; path = /System/Library/Frameworks/AudioToolbox.framework; sourceTree = "<absolute>"; };
		E45BE9750E8CC7DD009D7055 /* CoreAudio.framework */ = {isa = PBXFileReference; lastKnownFileType = wrapper.framework; name = CoreAudio.framework; path = /System/Library/Frameworks/CoreAudio.framework; sourceTree = "<absolute>"; };
		E45BE9760E8CC7DD009D7055 /* CoreFoundation.framework */ = {isa = PBXFileReference; lastKnownFileType = wrapper.framework; name = CoreFoundation.framework; path = /System/Library/Frameworks/CoreFoundation.framework; sourceTree = "<absolute>"; };
		E45BE9770E8CC7DD009D7055 /* CoreServices.framework */ = {isa = PBXFileReference; lastKnownFileType = wrapper.framework; name = CoreServices.framework; path = /System/Library/Frameworks/CoreServices.framework; sourceTree = "<absolute>"; };
		E45BE9790E8CC7DD009D7055 /* OpenGL.framework */ = {isa = PBXFileReference; lastKnownFileType = wrapper.framework; name = OpenGL.framework; path = /System/Library/Frameworks/OpenGL.framework; sourceTree = "<absolute>"; };
		E45BE97A0E8CC7DD009D7055 /* QuickTime.framework */ = {isa = PBXFileReference; lastKnownFileType = wrapper.framework; name = QuickTime.framework; path = /System/Library/Frameworks/QuickTime.framework; sourceTree = "<absolute>"; };
		E4B69B5B0A3A1756003C02F2 /* libccv_instagramDebug.app */ = {isa = PBXFileReference; explicitFileType = wrapper.application; includeInIndex = 0; path = libccv_instagramDebug.app; sourceTree = BUILT_PRODUCTS_DIR; };
		E4B69E1D0A3A1BDC003C02F2 /* main.cpp */ = {isa = PBXFileReference; fileEncoding = 30; lastKnownFileType = sourcecode.cpp.cpp; name = main.cpp; path = src/main.cpp; sourceTree = SOURCE_ROOT; };
		E4B6FCAD0C3E899E008CF71C /* openFrameworks-Info.plist */ = {isa = PBXFileReference; fileEncoding = 30; lastKnownFileType = text.plist.xml; path = "openFrameworks-Info.plist"; sourceTree = "<group>"; };
		E4C2424410CC5A17004149E2 /* AppKit.framework */ = {isa = PBXFileReference; lastKnownFileType = wrapper.framework; name = AppKit.framework; path = /System/Library/Frameworks/AppKit.framework; sourceTree = "<absolute>"; };
		E4C2424510CC5A17004149E2 /* Cocoa.framework */ = {isa = PBXFileReference; lastKnownFileType = wrapper.framework; name = Cocoa.framework; path = /System/Library/Frameworks/Cocoa.framework; sourceTree = "<absolute>"; };
		E4C2424610CC5A17004149E2 /* IOKit.framework */ = {isa = PBXFileReference; lastKnownFileType = wrapper.framework; name = IOKit.framework; path = /System/Library/Frameworks/IOKit.framework; sourceTree = "<absolute>"; };
		E4EB691F138AFCF100A09F29 /* CoreOF.xcconfig */ = {isa = PBXFileReference; fileEncoding = 4; lastKnownFileType = text.xcconfig; name = CoreOF.xcconfig; path = ../../../libs/openFrameworksCompiled/project/osx/CoreOF.xcconfig; sourceTree = SOURCE_ROOT; };
		E4EB6923138AFD0F00A09F29 /* Project.xcconfig */ = {isa = PBXFileReference; fileEncoding = 4; lastKnownFileType = text.xcconfig; path = Project.xcconfig; sourceTree = "<group>"; };
		E7E077E415D3B63C0020DFD4 /* CoreVideo.framework */ = {isa = PBXFileReference; lastKnownFileType = wrapper.framework; name = CoreVideo.framework; path = /System/Library/Frameworks/CoreVideo.framework; sourceTree = "<absolute>"; };
		E7E077E715D3B6510020DFD4 /* QTKit.framework */ = {isa = PBXFileReference; lastKnownFileType = wrapper.framework; name = QTKit.framework; path = /System/Library/Frameworks/QTKit.framework; sourceTree = "<absolute>"; };
		E7F985F515E0DE99003869B5 /* Accelerate.framework */ = {isa = PBXFileReference; lastKnownFileType = wrapper.framework; name = Accelerate.framework; path = /System/Library/Frameworks/Accelerate.framework; sourceTree = "<absolute>"; };
		F2B099E6BD1199664C48B177 /* ofxJSONElement.cpp */ = {isa = PBXFileReference; explicitFileType = sourcecode.cpp.cpp; fileEncoding = 30; name = ofxJSONElement.cpp; path = ../../../addons/ofxJSON/src/ofxJSONElement.cpp; sourceTree = SOURCE_ROOT; };
		FEF99766F05D5DC4162DE670 /* curlrules.h */ = {isa = PBXFileReference; explicitFileType = sourcecode.c.h; fileEncoding = 30; name = curlrules.h; path = ../../../addons/ofxInstagram/libs/libcurl/include/curl/curlrules.h; sourceTree = SOURCE_ROOT; };
/* End PBXFileReference section */

/* Begin PBXFrameworksBuildPhase section */
		E4B69B590A3A1756003C02F2 /* Frameworks */ = {
			isa = PBXFrameworksBuildPhase;
			buildActionMask = 2147483647;
			files = (
				E7F985F815E0DEA3003869B5 /* Accelerate.framework in Frameworks */,
				E7E077E815D3B6510020DFD4 /* QTKit.framework in Frameworks */,
				E4EB6799138ADC1D00A09F29 /* GLUT.framework in Frameworks */,
				E4328149138ABC9F0047C5CB /* openFrameworksDebug.a in Frameworks */,
				E45BE97B0E8CC7DD009D7055 /* AGL.framework in Frameworks */,
				E45BE97C0E8CC7DD009D7055 /* ApplicationServices.framework in Frameworks */,
				B09592641BC3264F00C24751 /* ccv.a in Frameworks */,
				E45BE97D0E8CC7DD009D7055 /* AudioToolbox.framework in Frameworks */,
				E45BE97F0E8CC7DD009D7055 /* CoreAudio.framework in Frameworks */,
				E45BE9800E8CC7DD009D7055 /* CoreFoundation.framework in Frameworks */,
				E45BE9810E8CC7DD009D7055 /* CoreServices.framework in Frameworks */,
				B09592611BC3262E00C24751 /* libcurl.a in Frameworks */,
				E45BE9830E8CC7DD009D7055 /* OpenGL.framework in Frameworks */,
				E45BE9840E8CC7DD009D7055 /* QuickTime.framework in Frameworks */,
				E4C2424710CC5A17004149E2 /* AppKit.framework in Frameworks */,
				E4C2424810CC5A17004149E2 /* Cocoa.framework in Frameworks */,
				E4C2424910CC5A17004149E2 /* IOKit.framework in Frameworks */,
				E7E077E515D3B63C0020DFD4 /* CoreVideo.framework in Frameworks */,
			);
			runOnlyForDeploymentPostprocessing = 0;
		};
/* End PBXFrameworksBuildPhase section */

/* Begin PBXGroup section */
		08E72D9246A97C573C30D02A /* src */ = {
			isa = PBXGroup;
			children = (
				260DE69B7815429F761886CE /* ca-bundle.crt */,
				22ED52AD97DAEFDE78CD38AE /* ofxInstagram.cpp */,
				6CAD18D445A8C93F422A7D82 /* ofxInstagram.h */,
			);
			name = src;
			sourceTree = "<group>";
		};
		23985299AA89C88B5D9B92AC /* libcurl */ = {
			isa = PBXGroup;
			children = (
				B095925D1BC3260F00C24751 /* lib */,
				72C933415E29851C90BB3EA0 /* include */,
			);
			name = libcurl;
			sourceTree = "<group>";
		};
		2865DAEF86B1907A704CA70B /* ofxJSON */ = {
			isa = PBXGroup;
			children = (
				292AF6148769654D0DF26018 /* src */,
				F40E80CB2D443CBA9581DD03 /* libs */,
			);
			name = ofxJSON;
			sourceTree = "<group>";
		};
		292AF6148769654D0DF26018 /* src */ = {
			isa = PBXGroup;
			children = (
				1645F56257269CD0356320BD /* ofxJSON.h */,
				F2B099E6BD1199664C48B177 /* ofxJSONElement.cpp */,
				26A541233BC6F736E758F718 /* ofxJSONElement.h */,
			);
			name = src;
			sourceTree = "<group>";
		};
		3CD2B0AEE6FE628A91175CDA /* ofxThreadedImageLoader */ = {
			isa = PBXGroup;
			children = (
				F7347CBF7C47F1110E5FA42A /* src */,
			);
			name = ofxThreadedImageLoader;
			sourceTree = "<group>";
		};
		58AD3BD71B781D9BC25763C8 /* json */ = {
			isa = PBXGroup;
			children = (
				61313493CDB52744E22A604D /* json-forwards.h */,
				2C7CF000B7B4F782C187C353 /* json.h */,
			);
			name = json;
			sourceTree = "<group>";
		};
		61711D3347CDFB64FA721D44 /* include */ = {
			isa = PBXGroup;
			children = (
				85307C7E25682171EB5DC998 /* ccv.h */,
			);
			name = include;
			sourceTree = "<group>";
		};
		645B898A3E032075B71878EE /* libs */ = {
			isa = PBXGroup;
			children = (
				23985299AA89C88B5D9B92AC /* libcurl */,
			);
			name = libs;
			sourceTree = "<group>";
		};
		72C933415E29851C90BB3EA0 /* include */ = {
			isa = PBXGroup;
			children = (
				C1F1933A004290E5A30C5E11 /* curl */,
			);
			name = include;
			sourceTree = "<group>";
		};
		795B0427BBCB5647F47B56C8 /* ofxCcv */ = {
			isa = PBXGroup;
			children = (
				CBD10E62E7E6E2DA133E22ED /* src */,
				88578B999DE5C1A63035FFCB /* libs */,
			);
			name = ofxCcv;
			sourceTree = "<group>";
		};
		88578B999DE5C1A63035FFCB /* libs */ = {
			isa = PBXGroup;
			children = (
				FBBD8BC6A172852ABC6FF337 /* ccv */,
			);
			name = libs;
			sourceTree = "<group>";
		};
		9335AF1CFE31FFFF696CA942 /* ofxInstagram */ = {
			isa = PBXGroup;
			children = (
				08E72D9246A97C573C30D02A /* src */,
				645B898A3E032075B71878EE /* libs */,
			);
			name = ofxInstagram;
			sourceTree = "<group>";
		};
		977A836DD2C489CCC5E330FF /* jsoncpp */ = {
			isa = PBXGroup;
			children = (
				D486FC87F063317BB47E9FAC /* include */,
				CCDC6F9CCF925CC402160B85 /* src */,
			);
			name = jsoncpp;
			sourceTree = "<group>";
		};
		B095925D1BC3260F00C24751 /* lib */ = {
			isa = PBXGroup;
			children = (
				B095925F1BC3262400C24751 /* osx */,
			);
			name = lib;
			sourceTree = "<group>";
		};
		B095925F1BC3262400C24751 /* osx */ = {
			isa = PBXGroup;
			children = (
				B09592601BC3262E00C24751 /* libcurl.a */,
			);
			name = osx;
			sourceTree = "<group>";
		};
		B09592621BC3263A00C24751 /* lib */ = {
			isa = PBXGroup;
			children = (
				B09592631BC3264F00C24751 /* ccv.a */,
			);
			name = lib;
			sourceTree = "<group>";
		};
		BB4B014C10F69532006C3DED /* addons */ = {
			isa = PBXGroup;
			children = (
				3CD2B0AEE6FE628A91175CDA /* ofxThreadedImageLoader */,
				795B0427BBCB5647F47B56C8 /* ofxCcv */,
				9335AF1CFE31FFFF696CA942 /* ofxInstagram */,
				2865DAEF86B1907A704CA70B /* ofxJSON */,
			);
			name = addons;
			sourceTree = "<group>";
		};
		BBAB23C913894ECA00AA2426 /* system frameworks */ = {
			isa = PBXGroup;
			children = (
				E7F985F515E0DE99003869B5 /* Accelerate.framework */,
				E4C2424410CC5A17004149E2 /* AppKit.framework */,
				E4C2424510CC5A17004149E2 /* Cocoa.framework */,
				E4C2424610CC5A17004149E2 /* IOKit.framework */,
				E45BE9710E8CC7DD009D7055 /* AGL.framework */,
				E45BE9720E8CC7DD009D7055 /* ApplicationServices.framework */,
				E45BE9730E8CC7DD009D7055 /* AudioToolbox.framework */,
				E45BE9750E8CC7DD009D7055 /* CoreAudio.framework */,
				E45BE9760E8CC7DD009D7055 /* CoreFoundation.framework */,
				E45BE9770E8CC7DD009D7055 /* CoreServices.framework */,
				E45BE9790E8CC7DD009D7055 /* OpenGL.framework */,
				E45BE97A0E8CC7DD009D7055 /* QuickTime.framework */,
				E7E077E415D3B63C0020DFD4 /* CoreVideo.framework */,
				E7E077E715D3B6510020DFD4 /* QTKit.framework */,
			);
			name = "system frameworks";
			sourceTree = "<group>";
		};
		BBAB23CA13894EDB00AA2426 /* 3rd party frameworks */ = {
			isa = PBXGroup;
			children = (
				BBAB23BE13894E4700AA2426 /* GLUT.framework */,
			);
			name = "3rd party frameworks";
			sourceTree = "<group>";
		};
		C1F1933A004290E5A30C5E11 /* curl */ = {
			isa = PBXGroup;
			children = (
				A91A01DD63409E8B3F8D7B13 /* curl.h */,
				CEBE4DF60F5038B83724E03F /* curlbuild.h */,
				FEF99766F05D5DC4162DE670 /* curlrules.h */,
				7E6D4CB7009466651AAAF094 /* curlver.h */,
				1FFA7CC02B856601A4C9D233 /* easy.h */,
				9BC32061BB984C50FFE569F6 /* mprintf.h */,
				35EF6A755544EF58AA5F7538 /* multi.h */,
				D20B4236AAEE436419EE31BB /* stdcheaders.h */,
				18CB3CD7CEB5781024F8F74A /* typecheck-gcc.h */,
			);
			name = curl;
			sourceTree = "<group>";
		};
		CBD10E62E7E6E2DA133E22ED /* src */ = {
			isa = PBXGroup;
			children = (
				DE75137AC67515D3FC3624C7 /* ofxCcv.h */,
			);
			name = src;
			sourceTree = "<group>";
		};
		CCDC6F9CCF925CC402160B85 /* src */ = {
			isa = PBXGroup;
			children = (
				21BDE665988474F1B1F4D302 /* jsoncpp.cpp */,
			);
			name = src;
			sourceTree = "<group>";
		};
		D486FC87F063317BB47E9FAC /* include */ = {
			isa = PBXGroup;
			children = (
				58AD3BD71B781D9BC25763C8 /* json */,
			);
			name = include;
			sourceTree = "<group>";
		};
		E4328144138ABC890047C5CB /* Products */ = {
			isa = PBXGroup;
			children = (
				E4328148138ABC890047C5CB /* openFrameworksDebug.a */,
			);
			name = Products;
			sourceTree = "<group>";
		};
		E45BE5980E8CC70C009D7055 /* frameworks */ = {
			isa = PBXGroup;
			children = (
				BBAB23CA13894EDB00AA2426 /* 3rd party frameworks */,
				BBAB23C913894ECA00AA2426 /* system frameworks */,
			);
			name = frameworks;
			sourceTree = "<group>";
		};
		E4B69B4A0A3A1720003C02F2 = {
			isa = PBXGroup;
			children = (
				E4B6FCAD0C3E899E008CF71C /* openFrameworks-Info.plist */,
				E4EB6923138AFD0F00A09F29 /* Project.xcconfig */,
				E4B69E1C0A3A1BDC003C02F2 /* src */,
				E4EEC9E9138DF44700A80321 /* openFrameworks */,
				BB4B014C10F69532006C3DED /* addons */,
				E45BE5980E8CC70C009D7055 /* frameworks */,
				E4B69B5B0A3A1756003C02F2 /* libccv_instagramDebug.app */,
			);
			sourceTree = "<group>";
		};
		E4B69E1C0A3A1BDC003C02F2 /* src */ = {
			isa = PBXGroup;
			children = (
				E4B69E1D0A3A1BDC003C02F2 /* main.cpp */,
			);
			path = src;
			sourceTree = SOURCE_ROOT;
		};
		E4EEC9E9138DF44700A80321 /* openFrameworks */ = {
			isa = PBXGroup;
			children = (
				E4EB691F138AFCF100A09F29 /* CoreOF.xcconfig */,
				E4328143138ABC890047C5CB /* openFrameworksLib.xcodeproj */,
			);
			name = openFrameworks;
			sourceTree = "<group>";
		};
		F40E80CB2D443CBA9581DD03 /* libs */ = {
			isa = PBXGroup;
			children = (
				977A836DD2C489CCC5E330FF /* jsoncpp */,
			);
			name = libs;
			sourceTree = "<group>";
		};
		F7347CBF7C47F1110E5FA42A /* src */ = {
			isa = PBXGroup;
			children = (
				45B576A8B106CBE71564781C /* ofxThreadedImageLoader.cpp */,
				258BD733949A19E1F0702FFA /* ofxThreadedImageLoader.h */,
			);
			name = src;
			sourceTree = "<group>";
		};
		FBBD8BC6A172852ABC6FF337 /* ccv */ = {
			isa = PBXGroup;
			children = (
				B09592621BC3263A00C24751 /* lib */,
				61711D3347CDFB64FA721D44 /* include */,
			);
			name = ccv;
			sourceTree = "<group>";
		};
/* End PBXGroup section */

/* Begin PBXNativeTarget section */
		E4B69B5A0A3A1756003C02F2 /* libccv_instagram */ = {
			isa = PBXNativeTarget;
			buildConfigurationList = E4B69B5F0A3A1757003C02F2 /* Build configuration list for PBXNativeTarget "libccv_instagram" */;
			buildPhases = (
				E4B69B580A3A1756003C02F2 /* Sources */,
				E4B69B590A3A1756003C02F2 /* Frameworks */,
				E4B6FFFD0C3F9AB9008CF71C /* ShellScript */,
				E4C2427710CC5ABF004149E2 /* CopyFiles */,
			);
			buildRules = (
			);
			dependencies = (
				E4EEB9AC138B136A00A80321 /* PBXTargetDependency */,
			);
			name = libccv_instagram;
			productName = myOFApp;
			productReference = E4B69B5B0A3A1756003C02F2 /* libccv_instagramDebug.app */;
			productType = "com.apple.product-type.application";
		};
/* End PBXNativeTarget section */

/* Begin PBXProject section */
		E4B69B4C0A3A1720003C02F2 /* Project object */ = {
			isa = PBXProject;
			attributes = {
				LastUpgradeCheck = 0460;
			};
			buildConfigurationList = E4B69B4D0A3A1720003C02F2 /* Build configuration list for PBXProject "libccv_instagram" */;
			compatibilityVersion = "Xcode 3.2";
			developmentRegion = English;
			hasScannedForEncodings = 0;
			knownRegions = (
				English,
				Japanese,
				French,
				German,
			);
			mainGroup = E4B69B4A0A3A1720003C02F2;
			productRefGroup = E4B69B4A0A3A1720003C02F2;
			projectDirPath = "";
			projectReferences = (
				{
					ProductGroup = E4328144138ABC890047C5CB /* Products */;
					ProjectRef = E4328143138ABC890047C5CB /* openFrameworksLib.xcodeproj */;
				},
			);
			projectRoot = "";
			targets = (
				E4B69B5A0A3A1756003C02F2 /* libccv_instagram */,
			);
		};
/* End PBXProject section */

/* Begin PBXReferenceProxy section */
		E4328148138ABC890047C5CB /* openFrameworksDebug.a */ = {
			isa = PBXReferenceProxy;
			fileType = archive.ar;
			path = openFrameworksDebug.a;
			remoteRef = E4328147138ABC890047C5CB /* PBXContainerItemProxy */;
			sourceTree = BUILT_PRODUCTS_DIR;
		};
/* End PBXReferenceProxy section */

/* Begin PBXShellScriptBuildPhase section */
		E4B6FFFD0C3F9AB9008CF71C /* ShellScript */ = {
			isa = PBXShellScriptBuildPhase;
			buildActionMask = 2147483647;
			files = (
			);
			inputPaths = (
			);
			outputPaths = (
			);
			runOnlyForDeploymentPostprocessing = 0;
			shellPath = /bin/sh;
			shellScript = "cp -f ../../../libs/fmodex/lib/osx/libfmodex.dylib \"$TARGET_BUILD_DIR/$PRODUCT_NAME.app/Contents/MacOS/libfmodex.dylib\"; install_name_tool -change ./libfmodex.dylib @executable_path/libfmodex.dylib \"$TARGET_BUILD_DIR/$PRODUCT_NAME.app/Contents/MacOS/$PRODUCT_NAME\";\nmkdir -p \"$TARGET_BUILD_DIR/$PRODUCT_NAME.app/Contents/Resources/\"\ncp -f \"$ICON_FILE\" \"$TARGET_BUILD_DIR/$PRODUCT_NAME.app/Contents/Resources/\"\n";
		};
/* End PBXShellScriptBuildPhase section */

/* Begin PBXSourcesBuildPhase section */
		E4B69B580A3A1756003C02F2 /* Sources */ = {
			isa = PBXSourcesBuildPhase;
			buildActionMask = 2147483647;
			files = (
				E4B69E200A3A1BDC003C02F2 /* main.cpp in Sources */,
				EC26F225D807F4F069405924 /* ofxThreadedImageLoader.cpp in Sources */,
				FAA731979047900CF435C977 /* ofxInstagram.cpp in Sources */,
				BEDFEE7400C58EA4E412B757 /* ofxJSONElement.cpp in Sources */,
				FB84AAF8D1B7A95266DB5C09 /* jsoncpp.cpp in Sources */,
			);
			runOnlyForDeploymentPostprocessing = 0;
		};
/* End PBXSourcesBuildPhase section */

/* Begin PBXTargetDependency section */
		E4EEB9AC138B136A00A80321 /* PBXTargetDependency */ = {
			isa = PBXTargetDependency;
			name = openFrameworks;
			targetProxy = E4EEB9AB138B136A00A80321 /* PBXContainerItemProxy */;
		};
/* End PBXTargetDependency section */

/* Begin XCBuildConfiguration section */
		E4B69B4E0A3A1720003C02F2 /* Debug */ = {
			isa = XCBuildConfiguration;
			baseConfigurationReference = E4EB6923138AFD0F00A09F29 /* Project.xcconfig */;
			buildSettings = {
				ARCHS = "$(NATIVE_ARCH)";
				CONFIGURATION_BUILD_DIR = "$(SRCROOT)/bin/";
				COPY_PHASE_STRIP = NO;
				DEAD_CODE_STRIPPING = YES;
				GCC_AUTO_VECTORIZATION = YES;
				GCC_ENABLE_SSE3_EXTENSIONS = YES;
				GCC_ENABLE_SUPPLEMENTAL_SSE3_INSTRUCTIONS = YES;
				GCC_INLINES_ARE_PRIVATE_EXTERN = NO;
				GCC_OPTIMIZATION_LEVEL = 0;
				GCC_SYMBOLS_PRIVATE_EXTERN = NO;
				GCC_WARN_ABOUT_DEPRECATED_FUNCTIONS = YES;
				GCC_WARN_ABOUT_INVALID_OFFSETOF_MACRO = NO;
				GCC_WARN_ALLOW_INCOMPLETE_PROTOCOL = NO;
				GCC_WARN_UNINITIALIZED_AUTOS = NO;
				GCC_WARN_UNUSED_VALUE = NO;
				GCC_WARN_UNUSED_VARIABLE = NO;
				HEADER_SEARCH_PATHS = (
					"$(OF_CORE_HEADERS)",
					../../../addons/ofxThreadedImageLoader/libs,
					../../../addons/ofxThreadedImageLoader/src,
					../../../addons/ofxCcv/libs,
					../../../addons/ofxCcv/libs/ccv,
					../../../addons/ofxCcv/libs/ccv/include,
					../../../addons/ofxCcv/libs/ccv/lib,
					../../../addons/ofxCcv/src,
					../../../addons/ofxInstagram/libs,
					../../../addons/ofxInstagram/libs/libcurl,
					../../../addons/ofxInstagram/libs/libcurl/include,
					../../../addons/ofxInstagram/libs/libcurl/include/curl,
					../../../addons/ofxInstagram/libs/libcurl/lib,
					../../../addons/ofxInstagram/libs/libcurl/lib/osx,
					../../../addons/ofxInstagram/src,
					../../../addons/ofxJSON/libs,
					../../../addons/ofxJSON/libs/jsoncpp,
					../../../addons/ofxJSON/libs/jsoncpp/include,
					../../../addons/ofxJSON/libs/jsoncpp/include/json,
					../../../addons/ofxJSON/libs/jsoncpp/src,
					../../../addons/ofxJSON/src,
				);
				MACOSX_DEPLOYMENT_TARGET = 10.6;
				OTHER_CPLUSPLUSFLAGS = (
					"-D__MACOSX_CORE__",
					"-lpthread",
					"-mtune=native",
				);
				OTHER_LDFLAGS = (
					"$(OF_CORE_LIBS)",
					../../../addons/ofxInstagram/libs/libcurl/lib/osx/libcurl.a,
				);
				SDKROOT = macosx;
			};
			name = Debug;
		};
		E4B69B4F0A3A1720003C02F2 /* Release */ = {
			isa = XCBuildConfiguration;
			baseConfigurationReference = E4EB6923138AFD0F00A09F29 /* Project.xcconfig */;
			buildSettings = {
				ARCHS = "$(NATIVE_ARCH)";
				CONFIGURATION_BUILD_DIR = "$(SRCROOT)/bin/";
				COPY_PHASE_STRIP = YES;
				DEAD_CODE_STRIPPING = YES;
				GCC_AUTO_VECTORIZATION = YES;
				GCC_ENABLE_SSE3_EXTENSIONS = YES;
				GCC_ENABLE_SUPPLEMENTAL_SSE3_INSTRUCTIONS = YES;
				GCC_INLINES_ARE_PRIVATE_EXTERN = NO;
				GCC_OPTIMIZATION_LEVEL = 3;
				GCC_SYMBOLS_PRIVATE_EXTERN = NO;
				GCC_UNROLL_LOOPS = YES;
				GCC_WARN_ABOUT_DEPRECATED_FUNCTIONS = YES;
				GCC_WARN_ABOUT_INVALID_OFFSETOF_MACRO = NO;
				GCC_WARN_ALLOW_INCOMPLETE_PROTOCOL = NO;
				GCC_WARN_UNINITIALIZED_AUTOS = NO;
				GCC_WARN_UNUSED_VALUE = NO;
				GCC_WARN_UNUSED_VARIABLE = NO;
				HEADER_SEARCH_PATHS = (
					"$(OF_CORE_HEADERS)",
					../../../addons/ofxThreadedImageLoader/libs,
					../../../addons/ofxThreadedImageLoader/src,
					../../../addons/ofxCcv/libs,
					../../../addons/ofxCcv/libs/ccv,
					../../../addons/ofxCcv/libs/ccv/include,
					../../../addons/ofxCcv/libs/ccv/lib,
					../../../addons/ofxCcv/src,
					../../../addons/ofxInstagram/libs,
					../../../addons/ofxInstagram/libs/libcurl,
					../../../addons/ofxInstagram/libs/libcurl/include,
					../../../addons/ofxInstagram/libs/libcurl/include/curl,
					../../../addons/ofxInstagram/libs/libcurl/lib,
					../../../addons/ofxInstagram/libs/libcurl/lib/osx,
					../../../addons/ofxInstagram/src,
					../../../addons/ofxJSON/libs,
					../../../addons/ofxJSON/libs/jsoncpp,
					../../../addons/ofxJSON/libs/jsoncpp/include,
					../../../addons/ofxJSON/libs/jsoncpp/include/json,
					../../../addons/ofxJSON/libs/jsoncpp/src,
					../../../addons/ofxJSON/src,
				);
				MACOSX_DEPLOYMENT_TARGET = 10.6;
				OTHER_CPLUSPLUSFLAGS = (
					"-D__MACOSX_CORE__",
					"-lpthread",
					"-mtune=native",
				);
				OTHER_LDFLAGS = (
					"$(OF_CORE_LIBS)",
					../../../addons/ofxInstagram/libs/libcurl/lib/osx/libcurl.a,
				);
				SDKROOT = macosx;
			};
			name = Release;
		};
		E4B69B600A3A1757003C02F2 /* Debug */ = {
			isa = XCBuildConfiguration;
			buildSettings = {
				COMBINE_HIDPI_IMAGES = YES;
				COPY_PHASE_STRIP = NO;
				FRAMEWORK_SEARCH_PATHS = (
					"$(inherited)",
					"$(FRAMEWORK_SEARCH_PATHS_QUOTED_FOR_TARGET_1)",
				);
				FRAMEWORK_SEARCH_PATHS_QUOTED_FOR_TARGET_1 = "\"$(SRCROOT)/../../../libs/glut/lib/osx\"";
				GCC_DYNAMIC_NO_PIC = NO;
				GCC_GENERATE_DEBUGGING_SYMBOLS = YES;
				GCC_MODEL_TUNING = NONE;
				ICON = "$(ICON_NAME_DEBUG)";
				ICON_FILE = "$(ICON_FILE_PATH)$(ICON)";
				INFOPLIST_FILE = "openFrameworks-Info.plist";
				INSTALL_PATH = "$(HOME)/Applications";
				LIBRARY_SEARCH_PATHS = (
					../../../addons/ofxOpenCv/libs/opencv/lib/osx,
					../../../addons/ofxCcv/libs/ccv/lib,
				);
				MACOSX_DEPLOYMENT_TARGET = 10.7;
				PRODUCT_NAME = "$(TARGET_NAME)Debug";
				USER_HEADER_SEARCH_PATHS = "../../ofxInstagram/libs/libcurl/include/ ../../../addons/ofxCv/libs/ofxCv/include/ ../../../addons/ofxOpenCv/libs/opencv/include/ ../../../addons/ofxCv/libs/CLD/include/ ../../ofxJSON/libs/jsoncpp/include/ ../libs/ccv/include/";
				WRAPPER_EXTENSION = app;
			};
			name = Debug;
		};
		E4B69B610A3A1757003C02F2 /* Release */ = {
			isa = XCBuildConfiguration;
			buildSettings = {
				COMBINE_HIDPI_IMAGES = YES;
				COPY_PHASE_STRIP = YES;
				FRAMEWORK_SEARCH_PATHS = (
					"$(inherited)",
					"$(FRAMEWORK_SEARCH_PATHS_QUOTED_FOR_TARGET_1)",
				);
				FRAMEWORK_SEARCH_PATHS_QUOTED_FOR_TARGET_1 = "\"$(SRCROOT)/../../../libs/glut/lib/osx\"";
				GCC_GENERATE_DEBUGGING_SYMBOLS = YES;
				GCC_MODEL_TUNING = NONE;
				ICON = "$(ICON_NAME_RELEASE)";
				ICON_FILE = "$(ICON_FILE_PATH)$(ICON)";
				INFOPLIST_FILE = "openFrameworks-Info.plist";
				INSTALL_PATH = "$(HOME)/Applications";
				LIBRARY_SEARCH_PATHS = (
					../../../addons/ofxOpenCv/libs/opencv/lib/osx,
					../../../addons/ofxCcv/libs/ccv/lib,
				);
				MACOSX_DEPLOYMENT_TARGET = 10.7;
				PRODUCT_NAME = "$(TARGET_NAME)";
				USER_HEADER_SEARCH_PATHS = "../../ofxInstagram/libs/libcurl/include/ ../../../addons/ofxCv/libs/ofxCv/include/ ../../../addons/ofxOpenCv/libs/opencv/include/ ../../../addons/ofxCv/libs/CLD/include/ ../../ofxJSON/libs/jsoncpp/include/ ../libs/ccv/include/";
				WRAPPER_EXTENSION = app;
			};
			name = Release;
		};
/* End XCBuildConfiguration section */

/* Begin XCConfigurationList section */
		E4B69B4D0A3A1720003C02F2 /* Build configuration list for PBXProject "libccv_instagram" */ = {
			isa = XCConfigurationList;
			buildConfigurations = (
				E4B69B4E0A3A1720003C02F2 /* Debug */,
				E4B69B4F0A3A1720003C02F2 /* Release */,
			);
			defaultConfigurationIsVisible = 0;
			defaultConfigurationName = Release;
		};
		E4B69B5F0A3A1757003C02F2 /* Build configuration list for PBXNativeTarget "libccv_instagram" */ = {
			isa = XCConfigurationList;
			buildConfigurations = (
				E4B69B600A3A1757003C02F2 /* Debug */,
				E4B69B610A3A1757003C02F2 /* Release */,
			);
			defaultConfigurationIsVisible = 0;
			defaultConfigurationName = Release;
		};
/* End XCConfigurationList section */
	};
	rootObject = E4B69B4C0A3A1720003C02F2 /* Project object */;
}
